PODS:
  - SchnorrMusigSDKSwift (0.1.0)

DEPENDENCIES:
  - SchnorrMusigSDKSwift (from `../`)

EXTERNAL SOURCES:
  SchnorrMusigSDKSwift:
    :path: "../"

SPEC CHECKSUMS:
  SchnorrMusigSDKSwift: 0c5abbd30d3e73a474440d8331a58a8ede0e024f

PODFILE CHECKSUM: 415aff6972a08f2fe003f7f39c64666e8e1454e2

COCOAPODS: 1.10.1
