PODS:
  - SchnorrMusigSDKSwift (0.1.0)

DEPENDENCIES:
  - SchnorrMusigSDKSwift (from `../`)

EXTERNAL SOURCES:
  SchnorrMusigSDKSwift:
    :path: "../"

SPEC CHECKSUMS:
  SchnorrMusigSDKSwift: caa15667f88f1c620ca20a81227416f487979212

PODFILE CHECKSUM: 12a9fe49b581f4ae8a41a31b0b8314348f883962

COCOAPODS: 1.10.1
